
Microsoft Visual Studio Solution File, Format Version 12.00
# Visual Studio Version 17
VisualStudioVersion = 17.0.31903.59
MinimumVisualStudioVersion = 10.0.40219.1
Project("{2150E333-8FDC-42A3-9474-1A3956D46DE8}") = "src", "src", "{2E47BCD8-16FD-4949-BAB7-84A6CC75109B}"
EndProject
Project("{2150E333-8FDC-42A3-9474-1A3956D46DE8}") = "BuildingBlocks", "BuildingBlocks", "{53168BC3-A5F1-444F-A3DE-6C16846AB8F0}"
EndProject
Project("{2150E333-8FDC-42A3-9474-1A3956D46DE8}") = "EventBus", "EventBus", "{2E02AD24-D3B8-43C7-BD5D-E36B51E4BB1D}"
EndProject
Project("{FAE04EC0-301F-11D3-BF4B-00C04F79EFBC}") = "EventBus", "src\BuildingBlocks\EventBus\EventBus\EventBus.csproj", "{81A2C9A6-F74F-4899-B03C-09B68B49915E}"
EndProject
Project("{FAE04EC0-301F-11D3-BF4B-00C04F79EFBC}") = "EventBusRabbitMQ", "src\BuildingBlocks\EventBus\EventBusRabbitMQ\EventBusRabbitMQ.csproj", "{43A1CB25-7927-4662-ADD9-0F42C31020F2}"
EndProject
Project("{FAE04EC0-301F-11D3-BF4B-00C04F79EFBC}") = "Devspaces.Support", "src\BuildingBlocks\Devspaces.Support\Devspaces.Support.csproj", "{8FBD681C-0290-4632-B67F-7F21EA551D4E}"
EndProject
Project("{FAE04EC0-301F-11D3-BF4B-00C04F79EFBC}") = "Shared.Kernel", "src\BuildingBlocks\Shared.Kernel\Shared.Kernel.csproj", "{085CA45E-98E4-48FF-8F16-7BCB37C0ACA5}"
EndProject
Project("{2150E333-8FDC-42A3-9474-1A3956D46DE8}") = "WebHostCustomization", "WebHostCustomization", "{4BEECF1F-6BC3-4E76-B53E-2BCAE64302B5}"
EndProject
Project("{FAE04EC0-301F-11D3-BF4B-00C04F79EFBC}") = "WebHost.Customization", "src\BuildingBlocks\WebHostCustomization\WebHost.Customization\WebHost.Customization.csproj", "{5EAD4E3E-BEE5-4D53-B561-6665892D1E18}"
EndProject
Project("{FAE04EC0-301F-11D3-BF4B-00C04F79EFBC}") = "IntegrationEventLogEF", "src\BuildingBlocks\EventBus\IntegrationEventLogEF\IntegrationEventLogEF.csproj", "{514AB374-04EF-4FAD-A78D-CE9B8AFA30F5}"
EndProject
Project("{FAE04EC0-301F-11D3-BF4B-00C04F79EFBC}") = "EventBus.Tests", "src\BuildingBlocks\EventBus\EventBus.Tests\EventBus.Tests.csproj", "{89BD29B6-E6B4-4855-A788-16795868D498}"
EndProject
Project("{2150E333-8FDC-42A3-9474-1A3956D46DE8}") = "Services", "Services", "{5F17E1FA-8BD7-444C-9D4F-460E8A8A25F7}"
EndProject
Project("{2150E333-8FDC-42A3-9474-1A3956D46DE8}") = "Company", "Company", "{44D6DFE3-103A-42BB-AF6E-F7559F791CFE}"
EndProject
Project("{FAE04EC0-301F-11D3-BF4B-00C04F79EFBC}") = "Company.API", "src\Services\Company\Company.API\Company.API.csproj", "{82BF3A63-ED15-41C3-BBEB-652E5B11A2A5}"
EndProject
Project("{2150E333-8FDC-42A3-9474-1A3956D46DE8}") = "ApiGateways", "ApiGateways", "{07585DD3-705B-4E82-A332-B2AC19EB2136}"
EndProject
Project("{FAE04EC0-301F-11D3-BF4B-00C04F79EFBC}") = "Web.Api.Gateway", "src\ApiGateways\Web.Api.Gateway\Web.Api.Gateway.csproj", "{FB54ECA1-F65A-4F68-9FEE-F8C89AD27B6B}"
EndProject
Project("{FAE04EC0-301F-11D3-BF4B-00C04F79EFBC}") = "Mobile.Api.Gateway", "src\ApiGateways\Mobile.Api.Gateway\Mobile.Api.Gateway.csproj", "{B0E9B2A8-99E6-4BF5-ABE0-69359CB6561F}"
EndProject
Project("{FAE04EC0-301F-11D3-BF4B-00C04F79EFBC}") = "Observability", "src\BuildingBlocks\Observability\Observability.csproj", "{70FAF0C1-5852-460C-B002-4DBB29EDCD8B}"
EndProject
Project("{2150E333-8FDC-42A3-9474-1A3956D46DE8}") = "Product", "Product", "{C2F09F03-5312-4779-9F2E-1AB48134AB8A}"
EndProject
Project("{FAE04EC0-301F-11D3-BF4B-00C04F79EFBC}") = "Product.API", "src\Services\Product\Product.API\Product.API.csproj", "{1D26F791-D8BC-4B89-9803-329C506CE987}"
EndProject
Global
	GlobalSection(SolutionConfigurationPlatforms) = preSolution
		Debug|Any CPU = Debug|Any CPU
		Release|Any CPU = Release|Any CPU
	EndGlobalSection
	GlobalSection(SolutionProperties) = preSolution
		HideSolutionNode = FALSE
	EndGlobalSection
	GlobalSection(ProjectConfigurationPlatforms) = postSolution
		{81A2C9A6-F74F-4899-B03C-09B68B49915E}.Debug|Any CPU.ActiveCfg = Debug|Any CPU
		{81A2C9A6-F74F-4899-B03C-09B68B49915E}.Debug|Any CPU.Build.0 = Debug|Any CPU
		{81A2C9A6-F74F-4899-B03C-09B68B49915E}.Release|Any CPU.ActiveCfg = Release|Any CPU
		{81A2C9A6-F74F-4899-B03C-09B68B49915E}.Release|Any CPU.Build.0 = Release|Any CPU
		{43A1CB25-7927-4662-ADD9-0F42C31020F2}.Debug|Any CPU.ActiveCfg = Debug|Any CPU
		{43A1CB25-7927-4662-ADD9-0F42C31020F2}.Debug|Any CPU.Build.0 = Debug|Any CPU
		{43A1CB25-7927-4662-ADD9-0F42C31020F2}.Release|Any CPU.ActiveCfg = Release|Any CPU
		{43A1CB25-7927-4662-ADD9-0F42C31020F2}.Release|Any CPU.Build.0 = Release|Any CPU
		{8FBD681C-0290-4632-B67F-7F21EA551D4E}.Debug|Any CPU.ActiveCfg = Debug|Any CPU
		{8FBD681C-0290-4632-B67F-7F21EA551D4E}.Debug|Any CPU.Build.0 = Debug|Any CPU
		{8FBD681C-0290-4632-B67F-7F21EA551D4E}.Release|Any CPU.ActiveCfg = Release|Any CPU
		{8FBD681C-0290-4632-B67F-7F21EA551D4E}.Release|Any CPU.Build.0 = Release|Any CPU
		{085CA45E-98E4-48FF-8F16-7BCB37C0ACA5}.Debug|Any CPU.ActiveCfg = Debug|Any CPU
		{085CA45E-98E4-48FF-8F16-7BCB37C0ACA5}.Debug|Any CPU.Build.0 = Debug|Any CPU
		{085CA45E-98E4-48FF-8F16-7BCB37C0ACA5}.Release|Any CPU.ActiveCfg = Release|Any CPU
		{085CA45E-98E4-48FF-8F16-7BCB37C0ACA5}.Release|Any CPU.Build.0 = Release|Any CPU
		{5EAD4E3E-BEE5-4D53-B561-6665892D1E18}.Debug|Any CPU.ActiveCfg = Debug|Any CPU
		{5EAD4E3E-BEE5-4D53-B561-6665892D1E18}.Debug|Any CPU.Build.0 = Debug|Any CPU
		{5EAD4E3E-BEE5-4D53-B561-6665892D1E18}.Release|Any CPU.ActiveCfg = Release|Any CPU
		{5EAD4E3E-BEE5-4D53-B561-6665892D1E18}.Release|Any CPU.Build.0 = Release|Any CPU
		{514AB374-04EF-4FAD-A78D-CE9B8AFA30F5}.Debug|Any CPU.ActiveCfg = Debug|Any CPU
		{514AB374-04EF-4FAD-A78D-CE9B8AFA30F5}.Debug|Any CPU.Build.0 = Debug|Any CPU
		{514AB374-04EF-4FAD-A78D-CE9B8AFA30F5}.Release|Any CPU.ActiveCfg = Release|Any CPU
		{514AB374-04EF-4FAD-A78D-CE9B8AFA30F5}.Release|Any CPU.Build.0 = Release|Any CPU
		{89BD29B6-E6B4-4855-A788-16795868D498}.Debug|Any CPU.ActiveCfg = Debug|Any CPU
		{89BD29B6-E6B4-4855-A788-16795868D498}.Debug|Any CPU.Build.0 = Debug|Any CPU
		{89BD29B6-E6B4-4855-A788-16795868D498}.Release|Any CPU.ActiveCfg = Release|Any CPU
		{89BD29B6-E6B4-4855-A788-16795868D498}.Release|Any CPU.Build.0 = Release|Any CPU
		{82BF3A63-ED15-41C3-BBEB-652E5B11A2A5}.Debug|Any CPU.ActiveCfg = Debug|Any CPU
		{82BF3A63-ED15-41C3-BBEB-652E5B11A2A5}.Debug|Any CPU.Build.0 = Debug|Any CPU
		{82BF3A63-ED15-41C3-BBEB-652E5B11A2A5}.Release|Any CPU.ActiveCfg = Release|Any CPU
		{82BF3A63-ED15-41C3-BBEB-652E5B11A2A5}.Release|Any CPU.Build.0 = Release|Any CPU
		{FB54ECA1-F65A-4F68-9FEE-F8C89AD27B6B}.Debug|Any CPU.ActiveCfg = Debug|Any CPU
		{FB54ECA1-F65A-4F68-9FEE-F8C89AD27B6B}.Debug|Any CPU.Build.0 = Debug|Any CPU
		{FB54ECA1-F65A-4F68-9FEE-F8C89AD27B6B}.Release|Any CPU.ActiveCfg = Release|Any CPU
		{FB54ECA1-F65A-4F68-9FEE-F8C89AD27B6B}.Release|Any CPU.Build.0 = Release|Any CPU
		{B0E9B2A8-99E6-4BF5-ABE0-69359CB6561F}.Debug|Any CPU.ActiveCfg = Debug|Any CPU
		{B0E9B2A8-99E6-4BF5-ABE0-69359CB6561F}.Debug|Any CPU.Build.0 = Debug|Any CPU
		{B0E9B2A8-99E6-4BF5-ABE0-69359CB6561F}.Release|Any CPU.ActiveCfg = Release|Any CPU
		{B0E9B2A8-99E6-4BF5-ABE0-69359CB6561F}.Release|Any CPU.Build.0 = Release|Any CPU
		{70FAF0C1-5852-460C-B002-4DBB29EDCD8B}.Debug|Any CPU.ActiveCfg = Debug|Any CPU
		{70FAF0C1-5852-460C-B002-4DBB29EDCD8B}.Debug|Any CPU.Build.0 = Debug|Any CPU
		{70FAF0C1-5852-460C-B002-4DBB29EDCD8B}.Release|Any CPU.ActiveCfg = Release|Any CPU
		{70FAF0C1-5852-460C-B002-4DBB29EDCD8B}.Release|Any CPU.Build.0 = Release|Any CPU
		{1D26F791-D8BC-4B89-9803-329C506CE987}.Debug|Any CPU.ActiveCfg = Debug|Any CPU
		{1D26F791-D8BC-4B89-9803-329C506CE987}.Debug|Any CPU.Build.0 = Debug|Any CPU
		{1D26F791-D8BC-4B89-9803-329C506CE987}.Release|Any CPU.ActiveCfg = Release|Any CPU
		{1D26F791-D8BC-4B89-9803-329C506CE987}.Release|Any CPU.Build.0 = Release|Any CPU
	EndGlobalSection
	GlobalSection(NestedProjects) = preSolution
		{53168BC3-A5F1-444F-A3DE-6C16846AB8F0} = {2E47BCD8-16FD-4949-BAB7-84A6CC75109B}
		{2E02AD24-D3B8-43C7-BD5D-E36B51E4BB1D} = {53168BC3-A5F1-444F-A3DE-6C16846AB8F0}
		{81A2C9A6-F74F-4899-B03C-09B68B49915E} = {2E02AD24-D3B8-43C7-BD5D-E36B51E4BB1D}
		{43A1CB25-7927-4662-ADD9-0F42C31020F2} = {2E02AD24-D3B8-43C7-BD5D-E36B51E4BB1D}
		{8FBD681C-0290-4632-B67F-7F21EA551D4E} = {53168BC3-A5F1-444F-A3DE-6C16846AB8F0}
		{085CA45E-98E4-48FF-8F16-7BCB37C0ACA5} = {53168BC3-A5F1-444F-A3DE-6C16846AB8F0}
		{4BEECF1F-6BC3-4E76-B53E-2BCAE64302B5} = {53168BC3-A5F1-444F-A3DE-6C16846AB8F0}
		{5EAD4E3E-BEE5-4D53-B561-6665892D1E18} = {4BEECF1F-6BC3-4E76-B53E-2BCAE64302B5}
		{514AB374-04EF-4FAD-A78D-CE9B8AFA30F5} = {2E02AD24-D3B8-43C7-BD5D-E36B51E4BB1D}
		{89BD29B6-E6B4-4855-A788-16795868D498} = {2E02AD24-D3B8-43C7-BD5D-E36B51E4BB1D}
		{5F17E1FA-8BD7-444C-9D4F-460E8A8A25F7} = {2E47BCD8-16FD-4949-BAB7-84A6CC75109B}
		{44D6DFE3-103A-42BB-AF6E-F7559F791CFE} = {5F17E1FA-8BD7-444C-9D4F-460E8A8A25F7}
		{82BF3A63-ED15-41C3-BBEB-652E5B11A2A5} = {44D6DFE3-103A-42BB-AF6E-F7559F791CFE}
		{07585DD3-705B-4E82-A332-B2AC19EB2136} = {2E47BCD8-16FD-4949-BAB7-84A6CC75109B}
		{FB54ECA1-F65A-4F68-9FEE-F8C89AD27B6B} = {07585DD3-705B-4E82-A332-B2AC19EB2136}
		{B0E9B2A8-99E6-4BF5-ABE0-69359CB6561F} = {07585DD3-705B-4E82-A332-B2AC19EB2136}
		{70FAF0C1-5852-460C-B002-4DBB29EDCD8B} = {53168BC3-A5F1-444F-A3DE-6C16846AB8F0}
		{C2F09F03-5312-4779-9F2E-1AB48134AB8A} = {5F17E1FA-8BD7-444C-9D4F-460E8A8A25F7}
		{1D26F791-D8BC-4B89-9803-329C506CE987} = {C2F09F03-5312-4779-9F2E-1AB48134AB8A}
	EndGlobalSection
EndGlobal
