
Microsoft Visual Studio Solution File, Format Version 12.00
# Visual Studio Version 17
VisualStudioVersion = 17.5.002.0
MinimumVisualStudioVersion = 10.0.40219.1
Project("{9A19103F-16F7-4668-BE54-9A1E7A4F7556}") = "WebClient", "WebClient.csproj", "{69A3E9E9-74ED-4E2F-B1D6-7C6FB95B63F5}"
EndProject
Global
	GlobalSection(SolutionConfigurationPlatforms) = preSolution
		Debug|Any CPU = Debug|Any CPU
		Release|Any CPU = Release|Any CPU
	EndGlobalSection
	GlobalSection(ProjectConfigurationPlatforms) = postSolution
		{69A3E9E9-74ED-4E2F-B1D6-7C6FB95B63F5}.Debug|Any CPU.ActiveCfg = Debug|Any CPU
		{69A3E9E9-74ED-4E2F-B1D6-7C6FB95B63F5}.Debug|Any CPU.Build.0 = Debug|Any CPU
		{69A3E9E9-74ED-4E2F-B1D6-7C6FB95B63F5}.Release|Any CPU.ActiveCfg = Release|Any CPU
		{69A3E9E9-74ED-4E2F-B1D6-7C6FB95B63F5}.Release|Any CPU.Build.0 = Release|Any CPU
	EndGlobalSection
	GlobalSection(SolutionProperties) = preSolution
		HideSolutionNode = FALSE
	EndGlobalSection
	GlobalSection(ExtensibilityGlobals) = postSolution
		SolutionGuid = {9F721866-03BF-44F4-9387-C0F739F25191}
	EndGlobalSection
EndGlobal
